PODS:
  - Alamofire (5.5.0)
  - GoogleMaps (6.0.1):
    - GoogleMaps/Maps (= 6.0.1)
  - GoogleMaps/Base (6.0.1)
  - GoogleMaps/Maps (6.0.1):
    - GoogleMaps/Base
  - GooglePlaces (6.0.0)
  - SwiftyJSON (5.0.1)

DEPENDENCIES:
  - Alamofire
  - GoogleMaps (= 6.0.1)
  - GooglePlaces
  - SwiftyJSON

SPEC REPOS:
  https://github.com/CocoaPods/Specs.git:
    - Alamofire
    - GoogleMaps
    - GooglePlaces
    - SwiftyJSON

SPEC CHECKSUMS:
  Alamofire: 1c4fb5369c3fe93d2857c780d8bbe09f06f97e7c
  GoogleMaps: c213fc2334b7374144cede914da779b99be0ab74
  GooglePlaces: c97d96ae68594acb64035c9ca9f26fbfc1d23af1
  SwiftyJSON: 2f33a42c6fbc52764d96f13368585094bfd8aa5e

PODFILE CHECKSUM: 62b1f8942fa5a2d061b3846ecc7d2be507218e6f

COCOAPODS: 1.11.2
