// !$*UTF8*$!
{
	archiveVersion = 1;
	classes = {
	};
	objectVersion = 55;
	objects = {

/* Begin PBXBuildFile section */
		0EB8F1362799CF720094906F /* Comment.swift in Sources */ = {isa = PBXBuildFile; fileRef = 0EB8F1352799CF720094906F /* Comment.swift */; };
		0EB8F1382799CF870094906F /* Location.swift in Sources */ = {isa = PBXBuildFile; fileRef = 0EB8F1372799CF870094906F /* Location.swift */; };
		0EB8F13A2799CF9A0094906F /* Room.swift in Sources */ = {isa = PBXBuildFile; fileRef = 0EB8F1392799CF990094906F /* Room.swift */; };
		0EB8F13C2799CFC00094906F /* RoomTableViewController.swift in Sources */ = {isa = PBXBuildFile; fileRef = 0EB8F13B2799CFBF0094906F /* RoomTableViewController.swift */; };
		0EB8F13E2799CFDF0094906F /* LocationTableViewController.swift in Sources */ = {isa = PBXBuildFile; fileRef = 0EB8F13D2799CFDF0094906F /* LocationTableViewController.swift */; };
		0EB8F146279EAABB0094906F /* FirebaseDAL.swift in Sources */ = {isa = PBXBuildFile; fileRef = 0EB8F145279EAABB0094906F /* FirebaseDAL.swift */; };
		0EB8F148279EC6C50094906F /* LocationDetailViewController.swift in Sources */ = {isa = PBXBuildFile; fileRef = 0EB8F147279EC6C50094906F /* LocationDetailViewController.swift */; };
		0EB8F14A279ECC010094906F /* RoomDetailViewController.swift in Sources */ = {isa = PBXBuildFile; fileRef = 0EB8F149279ECC010094906F /* RoomDetailViewController.swift */; };
		0EB8F14C27A292EB0094906F /* LoadingPageViewController.swift in Sources */ = {isa = PBXBuildFile; fileRef = 0EB8F14B27A292EB0094906F /* LoadingPageViewController.swift */; };
		0EB8F15627A2B3C20094906F /* FirebaseAuth in Frameworks */ = {isa = PBXBuildFile; productRef = 0EB8F15527A2B3C20094906F /* FirebaseAuth */; };
		0EB8F15827A2B3C20094906F /* FirebaseDatabase in Frameworks */ = {isa = PBXBuildFile; productRef = 0EB8F15727A2B3C20094906F /* FirebaseDatabase */; };
		0EB8F15A27A2B3C20094906F /* FirebaseStorage in Frameworks */ = {isa = PBXBuildFile; productRef = 0EB8F15927A2B3C20094906F /* FirebaseStorage */; };
		1987C6AC2790643100C72807 /* AppDelegate.swift in Sources */ = {isa = PBXBuildFile; fileRef = 1987C6AB2790643100C72807 /* AppDelegate.swift */; };
		1987C6AE2790643100C72807 /* SceneDelegate.swift in Sources */ = {isa = PBXBuildFile; fileRef = 1987C6AD2790643100C72807 /* SceneDelegate.swift */; };
		1987C6B02790643100C72807 /* LoginViewController.swift in Sources */ = {isa = PBXBuildFile; fileRef = 1987C6AF2790643100C72807 /* LoginViewController.swift */; };
		1987C6B62790643100C72807 /* FoodNFriends.xcdatamodeld in Sources */ = {isa = PBXBuildFile; fileRef = 1987C6B42790643100C72807 /* FoodNFriends.xcdatamodeld */; };
		1987C6B82790643100C72807 /* Assets.xcassets in Resources */ = {isa = PBXBuildFile; fileRef = 1987C6B72790643100C72807 /* Assets.xcassets */; };
		1987C6BB2790643100C72807 /* LaunchScreen.storyboard in Resources */ = {isa = PBXBuildFile; fileRef = 1987C6B92790643100C72807 /* LaunchScreen.storyboard */; };
		19910A7D279863CC006BFB61 /* HawkerCentreTableViewController.swift in Sources */ = {isa = PBXBuildFile; fileRef = 19910A7C279863CC006BFB61 /* HawkerCentreTableViewController.swift */; };
		19910A7F279863F8006BFB61 /* HawkerCentre.swift in Sources */ = {isa = PBXBuildFile; fileRef = 19910A7E279863F8006BFB61 /* HawkerCentre.swift */; };
		1997DC3827999EAE00565A2B /* HawkerCentreViewController.swift in Sources */ = {isa = PBXBuildFile; fileRef = 1997DC3727999EAE00565A2B /* HawkerCentreViewController.swift */; };
		A92B4DE12790851A0006C303 /* Main.storyboard in Resources */ = {isa = PBXBuildFile; fileRef = A92B4DE02790851A0006C303 /* Main.storyboard */; };
		A92B4DE32790868D0006C303 /* RegisterViewController.swift in Sources */ = {isa = PBXBuildFile; fileRef = A92B4DE22790868D0006C303 /* RegisterViewController.swift */; };
		A92B4DE6279086F70006C303 /* Content.storyboard in Resources */ = {isa = PBXBuildFile; fileRef = A92B4DE5279086F70006C303 /* Content.storyboard */; };
		A9632116279874D500140EF0 /* SettingsViewController.swift in Sources */ = {isa = PBXBuildFile; fileRef = A9632115279874D500140EF0 /* SettingsViewController.swift */; };
		A963211A2799AE8B00140EF0 /* GoogleService-Info.plist in Resources */ = {isa = PBXBuildFile; fileRef = A96321192799AE8B00140EF0 /* GoogleService-Info.plist */; };
		A97E21C527A2BAB100E0AAF5 /* ForgetPWViewController.swift in Sources */ = {isa = PBXBuildFile; fileRef = A97E21C427A2BAB100E0AAF5 /* ForgetPWViewController.swift */; };
/* End PBXBuildFile section */

/* Begin PBXFileReference section */
		0EB8F1352799CF720094906F /* Comment.swift */ = {isa = PBXFileReference; lastKnownFileType = sourcecode.swift; path = Comment.swift; sourceTree = "<group>"; };
		0EB8F1372799CF870094906F /* Location.swift */ = {isa = PBXFileReference; lastKnownFileType = sourcecode.swift; path = Location.swift; sourceTree = "<group>"; };
		0EB8F1392799CF990094906F /* Room.swift */ = {isa = PBXFileReference; lastKnownFileType = sourcecode.swift; path = Room.swift; sourceTree = "<group>"; };
		0EB8F13B2799CFBF0094906F /* RoomTableViewController.swift */ = {isa = PBXFileReference; lastKnownFileType = sourcecode.swift; path = RoomTableViewController.swift; sourceTree = "<group>"; };
		0EB8F13D2799CFDF0094906F /* LocationTableViewController.swift */ = {isa = PBXFileReference; lastKnownFileType = sourcecode.swift; path = LocationTableViewController.swift; sourceTree = "<group>"; };
		0EB8F145279EAABB0094906F /* FirebaseDAL.swift */ = {isa = PBXFileReference; lastKnownFileType = sourcecode.swift; path = FirebaseDAL.swift; sourceTree = "<group>"; };
		0EB8F147279EC6C50094906F /* LocationDetailViewController.swift */ = {isa = PBXFileReference; lastKnownFileType = sourcecode.swift; path = LocationDetailViewController.swift; sourceTree = "<group>"; };
		0EB8F149279ECC010094906F /* RoomDetailViewController.swift */ = {isa = PBXFileReference; lastKnownFileType = sourcecode.swift; path = RoomDetailViewController.swift; sourceTree = "<group>"; };
		0EB8F14B27A292EB0094906F /* LoadingPageViewController.swift */ = {isa = PBXFileReference; lastKnownFileType = sourcecode.swift; path = LoadingPageViewController.swift; sourceTree = "<group>"; };
		1987C6A82790643100C72807 /* FoodNFriends.app */ = {isa = PBXFileReference; explicitFileType = wrapper.application; includeInIndex = 0; path = FoodNFriends.app; sourceTree = BUILT_PRODUCTS_DIR; };
		1987C6AB2790643100C72807 /* AppDelegate.swift */ = {isa = PBXFileReference; lastKnownFileType = sourcecode.swift; path = AppDelegate.swift; sourceTree = "<group>"; };
		1987C6AD2790643100C72807 /* SceneDelegate.swift */ = {isa = PBXFileReference; lastKnownFileType = sourcecode.swift; path = SceneDelegate.swift; sourceTree = "<group>"; };
		1987C6AF2790643100C72807 /* LoginViewController.swift */ = {isa = PBXFileReference; lastKnownFileType = sourcecode.swift; path = LoginViewController.swift; sourceTree = "<group>"; };
		1987C6B52790643100C72807 /* FoodNFriends.xcdatamodel */ = {isa = PBXFileReference; lastKnownFileType = wrapper.xcdatamodel; path = FoodNFriends.xcdatamodel; sourceTree = "<group>"; };
		1987C6B72790643100C72807 /* Assets.xcassets */ = {isa = PBXFileReference; lastKnownFileType = folder.assetcatalog; path = Assets.xcassets; sourceTree = "<group>"; };
		1987C6BA2790643100C72807 /* Base */ = {isa = PBXFileReference; lastKnownFileType = file.storyboard; name = Base; path = Base.lproj/LaunchScreen.storyboard; sourceTree = "<group>"; };
		1987C6BC2790643100C72807 /* Info.plist */ = {isa = PBXFileReference; lastKnownFileType = text.plist.xml; path = Info.plist; sourceTree = "<group>"; };
		19910A7C279863CC006BFB61 /* HawkerCentreTableViewController.swift */ = {isa = PBXFileReference; lastKnownFileType = sourcecode.swift; path = HawkerCentreTableViewController.swift; sourceTree = "<group>"; };
		19910A7E279863F8006BFB61 /* HawkerCentre.swift */ = {isa = PBXFileReference; lastKnownFileType = sourcecode.swift; path = HawkerCentre.swift; sourceTree = "<group>"; };
		1997DC3727999EAE00565A2B /* HawkerCentreViewController.swift */ = {isa = PBXFileReference; lastKnownFileType = sourcecode.swift; path = HawkerCentreViewController.swift; sourceTree = "<group>"; };
		A92B4DE02790851A0006C303 /* Main.storyboard */ = {isa = PBXFileReference; lastKnownFileType = file.storyboard; path = Main.storyboard; sourceTree = "<group>"; };
		A92B4DE22790868D0006C303 /* RegisterViewController.swift */ = {isa = PBXFileReference; lastKnownFileType = sourcecode.swift; path = RegisterViewController.swift; sourceTree = "<group>"; };
		A92B4DE5279086F70006C303 /* Content.storyboard */ = {isa = PBXFileReference; lastKnownFileType = file.storyboard; path = Content.storyboard; sourceTree = "<group>"; };
		A9632115279874D500140EF0 /* SettingsViewController.swift */ = {isa = PBXFileReference; lastKnownFileType = sourcecode.swift; path = SettingsViewController.swift; sourceTree = "<group>"; };
		A96321192799AE8B00140EF0 /* GoogleService-Info.plist */ = {isa = PBXFileReference; fileEncoding = 4; lastKnownFileType = text.plist.xml; name = "GoogleService-Info.plist"; path = "../../../../Downloads/GoogleService-Info.plist"; sourceTree = "<group>"; };
		A97E21C427A2BAB100E0AAF5 /* ForgetPWViewController.swift */ = {isa = PBXFileReference; lastKnownFileType = sourcecode.swift; path = ForgetPWViewController.swift; sourceTree = "<group>"; };
/* End PBXFileReference section */

/* Begin PBXFrameworksBuildPhase section */
		1987C6A52790643100C72807 /* Frameworks */ = {
			isa = PBXFrameworksBuildPhase;
			buildActionMask = 2147483647;
			files = (
				0EB8F15827A2B3C20094906F /* FirebaseDatabase in Frameworks */,
				0EB8F15627A2B3C20094906F /* FirebaseAuth in Frameworks */,
				0EB8F15A27A2B3C20094906F /* FirebaseStorage in Frameworks */,
			);
			runOnlyForDeploymentPostprocessing = 0;
		};
/* End PBXFrameworksBuildPhase section */

/* Begin PBXGroup section */
		0EB8F144279EAAA80094906F /* DAL */ = {
			isa = PBXGroup;
			children = (
				0EB8F145279EAABB0094906F /* FirebaseDAL.swift */,
			);
			path = DAL;
			sourceTree = "<group>";
		};
		0EB8F14D27A2B2EF0094906F /* Frameworks */ = {
			isa = PBXGroup;
			children = (
			);
			name = Frameworks;
			sourceTree = "<group>";
		};
		1987C69F2790643100C72807 = {
			isa = PBXGroup;
			children = (
				1987C6AA2790643100C72807 /* FoodNFriends */,
				1987C6A92790643100C72807 /* Products */,
				0EB8F14D27A2B2EF0094906F /* Frameworks */,
			);
			sourceTree = "<group>";
		};
		1987C6A92790643100C72807 /* Products */ = {
			isa = PBXGroup;
			children = (
				1987C6A82790643100C72807 /* FoodNFriends.app */,
			);
			name = Products;
			sourceTree = "<group>";
		};
		1987C6AA2790643100C72807 /* FoodNFriends */ = {
			isa = PBXGroup;
			children = (
				A96321192799AE8B00140EF0 /* GoogleService-Info.plist */,
				A963210B27986CBC00140EF0 /* Storyboard */,
				0EB8F144279EAAA80094906F /* DAL */,
				A963210A27986CA900140EF0 /* Class */,
				A963210927986C9900140EF0 /* ViewController */,
				1987C6AB2790643100C72807 /* AppDelegate.swift */,
				1987C6AD2790643100C72807 /* SceneDelegate.swift */,
				1987C6B72790643100C72807 /* Assets.xcassets */,
				1987C6B92790643100C72807 /* LaunchScreen.storyboard */,
				1987C6BC2790643100C72807 /* Info.plist */,
				1987C6B42790643100C72807 /* FoodNFriends.xcdatamodeld */,
			);
			path = FoodNFriends;
			sourceTree = "<group>";
		};
		A963210927986C9900140EF0 /* ViewController */ = {
			isa = PBXGroup;
			children = (
				1987C6AF2790643100C72807 /* LoginViewController.swift */,
				A92B4DE22790868D0006C303 /* RegisterViewController.swift */,
				A9632115279874D500140EF0 /* SettingsViewController.swift */,
				1997DC3727999EAE00565A2B /* HawkerCentreViewController.swift */,
				19910A7C279863CC006BFB61 /* HawkerCentreTableViewController.swift */,
				0EB8F13B2799CFBF0094906F /* RoomTableViewController.swift */,
				0EB8F13D2799CFDF0094906F /* LocationTableViewController.swift */,
				0EB8F147279EC6C50094906F /* LocationDetailViewController.swift */,
				0EB8F149279ECC010094906F /* RoomDetailViewController.swift */,
				0EB8F14B27A292EB0094906F /* LoadingPageViewController.swift */,
				A97E21C427A2BAB100E0AAF5 /* ForgetPWViewController.swift */,
			);
			path = ViewController;
			sourceTree = "<group>";
		};
		A963210A27986CA900140EF0 /* Class */ = {
			isa = PBXGroup;
			children = (
				19910A7E279863F8006BFB61 /* HawkerCentre.swift */,
				0EB8F1352799CF720094906F /* Comment.swift */,
				0EB8F1372799CF870094906F /* Location.swift */,
				0EB8F1392799CF990094906F /* Room.swift */,
			);
			path = Class;
			sourceTree = "<group>";
		};
		A963210B27986CBC00140EF0 /* Storyboard */ = {
			isa = PBXGroup;
			children = (
				A92B4DE02790851A0006C303 /* Main.storyboard */,
				A92B4DE5279086F70006C303 /* Content.storyboard */,
			);
			path = Storyboard;
			sourceTree = "<group>";
		};
/* End PBXGroup section */

/* Begin PBXNativeTarget section */
		1987C6A72790643100C72807 /* FoodNFriends */ = {
			isa = PBXNativeTarget;
			buildConfigurationList = 1987C6BF2790643100C72807 /* Build configuration list for PBXNativeTarget "FoodNFriends" */;
			buildPhases = (
				1987C6A42790643100C72807 /* Sources */,
				1987C6A52790643100C72807 /* Frameworks */,
				1987C6A62790643100C72807 /* Resources */,
			);
			buildRules = (
			);
			dependencies = (
			);
			name = FoodNFriends;
			packageProductDependencies = (
				0EB8F15527A2B3C20094906F /* FirebaseAuth */,
				0EB8F15727A2B3C20094906F /* FirebaseDatabase */,
				0EB8F15927A2B3C20094906F /* FirebaseStorage */,
			);
			productName = FoodNFriends;
			productReference = 1987C6A82790643100C72807 /* FoodNFriends.app */;
			productType = "com.apple.product-type.application";
		};
/* End PBXNativeTarget section */

/* Begin PBXProject section */
		1987C6A02790643100C72807 /* Project object */ = {
			isa = PBXProject;
			attributes = {
				BuildIndependentTargetsInParallel = 1;
				LastSwiftUpdateCheck = 1320;
				LastUpgradeCheck = 1320;
				TargetAttributes = {
					1987C6A72790643100C72807 = {
						CreatedOnToolsVersion = 13.2.1;
					};
				};
			};
			buildConfigurationList = 1987C6A32790643100C72807 /* Build configuration list for PBXProject "FoodNFriends" */;
			compatibilityVersion = "Xcode 13.0";
			developmentRegion = en;
			hasScannedForEncodings = 0;
			knownRegions = (
				en,
				Base,
			);
			mainGroup = 1987C69F2790643100C72807;
			packageReferences = (
				0EB8F15427A2B3C20094906F /* XCRemoteSwiftPackageReference "firebase-ios-sdk" */,
			);
			productRefGroup = 1987C6A92790643100C72807 /* Products */;
			projectDirPath = "";
			projectRoot = "";
			targets = (
				1987C6A72790643100C72807 /* FoodNFriends */,
			);
		};
/* End PBXProject section */

/* Begin PBXResourcesBuildPhase section */
		1987C6A62790643100C72807 /* Resources */ = {
			isa = PBXResourcesBuildPhase;
			buildActionMask = 2147483647;
			files = (
				A92B4DE6279086F70006C303 /* Content.storyboard in Resources */,
				A92B4DE12790851A0006C303 /* Main.storyboard in Resources */,
				A963211A2799AE8B00140EF0 /* GoogleService-Info.plist in Resources */,
				1987C6BB2790643100C72807 /* LaunchScreen.storyboard in Resources */,
				1987C6B82790643100C72807 /* Assets.xcassets in Resources */,
			);
			runOnlyForDeploymentPostprocessing = 0;
		};
/* End PBXResourcesBuildPhase section */

/* Begin PBXSourcesBuildPhase section */
		1987C6A42790643100C72807 /* Sources */ = {
			isa = PBXSourcesBuildPhase;
			buildActionMask = 2147483647;
			files = (
				1987C6B02790643100C72807 /* LoginViewController.swift in Sources */,
				1987C6AC2790643100C72807 /* AppDelegate.swift in Sources */,
				19910A7D279863CC006BFB61 /* HawkerCentreTableViewController.swift in Sources */,
				A9632116279874D500140EF0 /* SettingsViewController.swift in Sources */,
				0EB8F14A279ECC010094906F /* RoomDetailViewController.swift in Sources */,
				1997DC3827999EAE00565A2B /* HawkerCentreViewController.swift in Sources */,
				0EB8F13A2799CF9A0094906F /* Room.swift in Sources */,
				19910A7F279863F8006BFB61 /* HawkerCentre.swift in Sources */,
				0EB8F146279EAABB0094906F /* FirebaseDAL.swift in Sources */,
				0EB8F148279EC6C50094906F /* LocationDetailViewController.swift in Sources */,
				0EB8F13E2799CFDF0094906F /* LocationTableViewController.swift in Sources */,
				0EB8F13C2799CFC00094906F /* RoomTableViewController.swift in Sources */,
				0EB8F14C27A292EB0094906F /* LoadingPageViewController.swift in Sources */,
				1987C6B62790643100C72807 /* FoodNFriends.xcdatamodeld in Sources */,
				A92B4DE32790868D0006C303 /* RegisterViewController.swift in Sources */,
				0EB8F1362799CF720094906F /* Comment.swift in Sources */,
				0EB8F1382799CF870094906F /* Location.swift in Sources */,
				A97E21C527A2BAB100E0AAF5 /* ForgetPWViewController.swift in Sources */,
				1987C6AE2790643100C72807 /* SceneDelegate.swift in Sources */,
			);
			runOnlyForDeploymentPostprocessing = 0;
		};
/* End PBXSourcesBuildPhase section */

/* Begin PBXVariantGroup section */
		1987C6B92790643100C72807 /* LaunchScreen.storyboard */ = {
			isa = PBXVariantGroup;
			children = (
				1987C6BA2790643100C72807 /* Base */,
			);
			name = LaunchScreen.storyboard;
			sourceTree = "<group>";
		};
/* End PBXVariantGroup section */

/* Begin XCBuildConfiguration section */
		1987C6BD2790643100C72807 /* Debug */ = {
			isa = XCBuildConfiguration;
			buildSettings = {
				ALWAYS_SEARCH_USER_PATHS = NO;
				CLANG_ANALYZER_NONNULL = YES;
				CLANG_ANALYZER_NUMBER_OBJECT_CONVERSION = YES_AGGRESSIVE;
				CLANG_CXX_LANGUAGE_STANDARD = "gnu++17";
				CLANG_CXX_LIBRARY = "libc++";
				CLANG_ENABLE_MODULES = YES;
				CLANG_ENABLE_OBJC_ARC = YES;
				CLANG_ENABLE_OBJC_WEAK = YES;
				CLANG_WARN_BLOCK_CAPTURE_AUTORELEASING = YES;
				CLANG_WARN_BOOL_CONVERSION = YES;
				CLANG_WARN_COMMA = YES;
				CLANG_WARN_CONSTANT_CONVERSION = YES;
				CLANG_WARN_DEPRECATED_OBJC_IMPLEMENTATIONS = YES;
				CLANG_WARN_DIRECT_OBJC_ISA_USAGE = YES_ERROR;
				CLANG_WARN_DOCUMENTATION_COMMENTS = YES;
				CLANG_WARN_EMPTY_BODY = YES;
				CLANG_WARN_ENUM_CONVERSION = YES;
				CLANG_WARN_INFINITE_RECURSION = YES;
				CLANG_WARN_INT_CONVERSION = YES;
				CLANG_WARN_NON_LITERAL_NULL_CONVERSION = YES;
				CLANG_WARN_OBJC_IMPLICIT_RETAIN_SELF = YES;
				CLANG_WARN_OBJC_LITERAL_CONVERSION = YES;
				CLANG_WARN_OBJC_ROOT_CLASS = YES_ERROR;
				CLANG_WARN_QUOTED_INCLUDE_IN_FRAMEWORK_HEADER = YES;
				CLANG_WARN_RANGE_LOOP_ANALYSIS = YES;
				CLANG_WARN_STRICT_PROTOTYPES = YES;
				CLANG_WARN_SUSPICIOUS_MOVE = YES;
				CLANG_WARN_UNGUARDED_AVAILABILITY = YES_AGGRESSIVE;
				CLANG_WARN_UNREACHABLE_CODE = YES;
				CLANG_WARN__DUPLICATE_METHOD_MATCH = YES;
				COPY_PHASE_STRIP = NO;
				DEBUG_INFORMATION_FORMAT = dwarf;
				ENABLE_STRICT_OBJC_MSGSEND = YES;
				ENABLE_TESTABILITY = YES;
				GCC_C_LANGUAGE_STANDARD = gnu11;
				GCC_DYNAMIC_NO_PIC = NO;
				GCC_NO_COMMON_BLOCKS = YES;
				GCC_OPTIMIZATION_LEVEL = 0;
				GCC_PREPROCESSOR_DEFINITIONS = (
					"DEBUG=1",
					"$(inherited)",
				);
				GCC_WARN_64_TO_32_BIT_CONVERSION = YES;
				GCC_WARN_ABOUT_RETURN_TYPE = YES_ERROR;
				GCC_WARN_UNDECLARED_SELECTOR = YES;
				GCC_WARN_UNINITIALIZED_AUTOS = YES_AGGRESSIVE;
				GCC_WARN_UNUSED_FUNCTION = YES;
				GCC_WARN_UNUSED_VARIABLE = YES;
				IPHONEOS_DEPLOYMENT_TARGET = 15.2;
				MTL_ENABLE_DEBUG_INFO = INCLUDE_SOURCE;
				MTL_FAST_MATH = YES;
				ONLY_ACTIVE_ARCH = YES;
				SDKROOT = iphoneos;
				SWIFT_ACTIVE_COMPILATION_CONDITIONS = DEBUG;
				SWIFT_OPTIMIZATION_LEVEL = "-Onone";
			};
			name = Debug;
		};
		1987C6BE2790643100C72807 /* Release */ = {
			isa = XCBuildConfiguration;
			buildSettings = {
				ALWAYS_SEARCH_USER_PATHS = NO;
				CLANG_ANALYZER_NONNULL = YES;
				CLANG_ANALYZER_NUMBER_OBJECT_CONVERSION = YES_AGGRESSIVE;
				CLANG_CXX_LANGUAGE_STANDARD = "gnu++17";
				CLANG_CXX_LIBRARY = "libc++";
				CLANG_ENABLE_MODULES = YES;
				CLANG_ENABLE_OBJC_ARC = YES;
				CLANG_ENABLE_OBJC_WEAK = YES;
				CLANG_WARN_BLOCK_CAPTURE_AUTORELEASING = YES;
				CLANG_WARN_BOOL_CONVERSION = YES;
				CLANG_WARN_COMMA = YES;
				CLANG_WARN_CONSTANT_CONVERSION = YES;
				CLANG_WARN_DEPRECATED_OBJC_IMPLEMENTATIONS = YES;
				CLANG_WARN_DIRECT_OBJC_ISA_USAGE = YES_ERROR;
				CLANG_WARN_DOCUMENTATION_COMMENTS = YES;
				CLANG_WARN_EMPTY_BODY = YES;
				CLANG_WARN_ENUM_CONVERSION = YES;
				CLANG_WARN_INFINITE_RECURSION = YES;
				CLANG_WARN_INT_CONVERSION = YES;
				CLANG_WARN_NON_LITERAL_NULL_CONVERSION = YES;
				CLANG_WARN_OBJC_IMPLICIT_RETAIN_SELF = YES;
				CLANG_WARN_OBJC_LITERAL_CONVERSION = YES;
				CLANG_WARN_OBJC_ROOT_CLASS = YES_ERROR;
				CLANG_WARN_QUOTED_INCLUDE_IN_FRAMEWORK_HEADER = YES;
				CLANG_WARN_RANGE_LOOP_ANALYSIS = YES;
				CLANG_WARN_STRICT_PROTOTYPES = YES;
				CLANG_WARN_SUSPICIOUS_MOVE = YES;
				CLANG_WARN_UNGUARDED_AVAILABILITY = YES_AGGRESSIVE;
				CLANG_WARN_UNREACHABLE_CODE = YES;
				CLANG_WARN__DUPLICATE_METHOD_MATCH = YES;
				COPY_PHASE_STRIP = NO;
				DEBUG_INFORMATION_FORMAT = "dwarf-with-dsym";
				ENABLE_NS_ASSERTIONS = NO;
				ENABLE_STRICT_OBJC_MSGSEND = YES;
				GCC_C_LANGUAGE_STANDARD = gnu11;
				GCC_NO_COMMON_BLOCKS = YES;
				GCC_WARN_64_TO_32_BIT_CONVERSION = YES;
				GCC_WARN_ABOUT_RETURN_TYPE = YES_ERROR;
				GCC_WARN_UNDECLARED_SELECTOR = YES;
				GCC_WARN_UNINITIALIZED_AUTOS = YES_AGGRESSIVE;
				GCC_WARN_UNUSED_FUNCTION = YES;
				GCC_WARN_UNUSED_VARIABLE = YES;
				IPHONEOS_DEPLOYMENT_TARGET = 15.2;
				MTL_ENABLE_DEBUG_INFO = NO;
				MTL_FAST_MATH = YES;
				SDKROOT = iphoneos;
				SWIFT_COMPILATION_MODE = wholemodule;
				SWIFT_OPTIMIZATION_LEVEL = "-O";
				VALIDATE_PRODUCT = YES;
			};
			name = Release;
		};
		1987C6C02790643100C72807 /* Debug */ = {
			isa = XCBuildConfiguration;
			buildSettings = {
				ASSETCATALOG_COMPILER_APPICON_NAME = AppIcon;
				ASSETCATALOG_COMPILER_GLOBAL_ACCENT_COLOR_NAME = AccentColor;
				CODE_SIGN_STYLE = Automatic;
				CURRENT_PROJECT_VERSION = 1;
				DEVELOPMENT_TEAM = XL8H284G83;
				GENERATE_INFOPLIST_FILE = YES;
				INFOPLIST_FILE = FoodNFriends/Info.plist;
				INFOPLIST_KEY_UIApplicationSupportsIndirectInputEvents = YES;
				INFOPLIST_KEY_UILaunchStoryboardName = LaunchScreen;
				INFOPLIST_KEY_UIMainStoryboardFile = Main;
				INFOPLIST_KEY_UISupportedInterfaceOrientations_iPad = "UIInterfaceOrientationPortrait UIInterfaceOrientationPortraitUpsideDown UIInterfaceOrientationLandscapeLeft UIInterfaceOrientationLandscapeRight";
				INFOPLIST_KEY_UISupportedInterfaceOrientations_iPhone = "UIInterfaceOrientationPortrait UIInterfaceOrientationLandscapeLeft UIInterfaceOrientationLandscapeRight";
				IPHONEOS_DEPLOYMENT_TARGET = 15.0;
				LD_RUNPATH_SEARCH_PATHS = (
					"$(inherited)",
					"@executable_path/Frameworks",
				);
				MARKETING_VERSION = 1.0;
				PRODUCT_BUNDLE_IDENTIFIER = MAD2.ASG.FoodNFriends;
				PRODUCT_NAME = "$(TARGET_NAME)";
				SWIFT_EMIT_LOC_STRINGS = YES;
				SWIFT_VERSION = 5.0;
				TARGETED_DEVICE_FAMILY = "1,2";
			};
			name = Debug;
		};
		1987C6C12790643100C72807 /* Release */ = {
			isa = XCBuildConfiguration;
			buildSettings = {
				ASSETCATALOG_COMPILER_APPICON_NAME = AppIcon;
				ASSETCATALOG_COMPILER_GLOBAL_ACCENT_COLOR_NAME = AccentColor;
				CODE_SIGN_STYLE = Automatic;
				CURRENT_PROJECT_VERSION = 1;
				DEVELOPMENT_TEAM = XL8H284G83;
				GENERATE_INFOPLIST_FILE = YES;
				INFOPLIST_FILE = FoodNFriends/Info.plist;
				INFOPLIST_KEY_UIApplicationSupportsIndirectInputEvents = YES;
				INFOPLIST_KEY_UILaunchStoryboardName = LaunchScreen;
				INFOPLIST_KEY_UIMainStoryboardFile = Main;
				INFOPLIST_KEY_UISupportedInterfaceOrientations_iPad = "UIInterfaceOrientationPortrait UIInterfaceOrientationPortraitUpsideDown UIInterfaceOrientationLandscapeLeft UIInterfaceOrientationLandscapeRight";
				INFOPLIST_KEY_UISupportedInterfaceOrientations_iPhone = "UIInterfaceOrientationPortrait UIInterfaceOrientationLandscapeLeft UIInterfaceOrientationLandscapeRight";
				IPHONEOS_DEPLOYMENT_TARGET = 15.0;
				LD_RUNPATH_SEARCH_PATHS = (
					"$(inherited)",
					"@executable_path/Frameworks",
				);
				MARKETING_VERSION = 1.0;
				PRODUCT_BUNDLE_IDENTIFIER = MAD2.ASG.FoodNFriends;
				PRODUCT_NAME = "$(TARGET_NAME)";
				SWIFT_EMIT_LOC_STRINGS = YES;
				SWIFT_VERSION = 5.0;
				TARGETED_DEVICE_FAMILY = "1,2";
			};
			name = Release;
		};
/* End XCBuildConfiguration section */

/* Begin XCConfigurationList section */
		1987C6A32790643100C72807 /* Build configuration list for PBXProject "FoodNFriends" */ = {
			isa = XCConfigurationList;
			buildConfigurations = (
				1987C6BD2790643100C72807 /* Debug */,
				1987C6BE2790643100C72807 /* Release */,
			);
			defaultConfigurationIsVisible = 0;
			defaultConfigurationName = Release;
		};
		1987C6BF2790643100C72807 /* Build configuration list for PBXNativeTarget "FoodNFriends" */ = {
			isa = XCConfigurationList;
			buildConfigurations = (
				1987C6C02790643100C72807 /* Debug */,
				1987C6C12790643100C72807 /* Release */,
			);
			defaultConfigurationIsVisible = 0;
			defaultConfigurationName = Release;
		};
/* End XCConfigurationList section */

/* Begin XCRemoteSwiftPackageReference section */
		0EB8F15427A2B3C20094906F /* XCRemoteSwiftPackageReference "firebase-ios-sdk" */ = {
			isa = XCRemoteSwiftPackageReference;
			repositoryURL = "https://github.com/firebase/firebase-ios-sdk";
			requirement = {
				branch = master;
				kind = branch;
			};
		};
/* End XCRemoteSwiftPackageReference section */

/* Begin XCSwiftPackageProductDependency section */
		0EB8F15527A2B3C20094906F /* FirebaseAuth */ = {
			isa = XCSwiftPackageProductDependency;
			package = 0EB8F15427A2B3C20094906F /* XCRemoteSwiftPackageReference "firebase-ios-sdk" */;
			productName = FirebaseAuth;
		};
		0EB8F15727A2B3C20094906F /* FirebaseDatabase */ = {
			isa = XCSwiftPackageProductDependency;
			package = 0EB8F15427A2B3C20094906F /* XCRemoteSwiftPackageReference "firebase-ios-sdk" */;
			productName = FirebaseDatabase;
		};
		0EB8F15927A2B3C20094906F /* FirebaseStorage */ = {
			isa = XCSwiftPackageProductDependency;
			package = 0EB8F15427A2B3C20094906F /* XCRemoteSwiftPackageReference "firebase-ios-sdk" */;
			productName = FirebaseStorage;
		};
/* End XCSwiftPackageProductDependency section */

/* Begin XCVersionGroup section */
		1987C6B42790643100C72807 /* FoodNFriends.xcdatamodeld */ = {
			isa = XCVersionGroup;
			children = (
				1987C6B52790643100C72807 /* FoodNFriends.xcdatamodel */,
			);
			currentVersion = 1987C6B52790643100C72807 /* FoodNFriends.xcdatamodel */;
			path = FoodNFriends.xcdatamodeld;
			sourceTree = "<group>";
			versionGroupType = wrapper.xcdatamodel;
		};
/* End XCVersionGroup section */
	};
	rootObject = 1987C6A02790643100C72807 /* Project object */;
}
